{
  "name": "finna2",
  "lockfileVersion": 3,
  "requires": true,
  "packages": {
    "": {
      "name": "finna2",
      "license": "GPL-2.0-only",
      "dependencies": {
        "tify": "^0.36"
      }
    },
    "node_modules/tify": {
      "version": "0.36.2",
      "resolved": "https://registry.npmjs.org/tify/-/tify-0.36.2.tgz",
      "integrity": "sha512-5Gwr1aNP4c4geBCRp+VmPCw8EKi54geXPKaNhwLpwAZExkOCiNc2vnVYvgyaXy4RKvHJ5Z2wEOtUBIIJslI/Ig==",
      "license": "AGPL-3.0",
      "engines": {
        "node": ">= 24",
        "npm": ">= 11"
      }
    }
  }
}
